
Microsoft Visual Studio Solution File, Format Version 12.00
# Visual Studio Version 17
VisualStudioVersion = 17.0.31903.59
MinimumVisualStudioVersion = 10.0.40219.1
Project("{FAE04EC0-301F-11D3-BF4B-00C04F79EFBC}") = "SabreTools.Serialization", "SabreTools.Serialization\SabreTools.Serialization.csproj", "{5B688801-5F36-483E-B2E8-F219BA5923A2}"
EndProject
Project("{FAE04EC0-301F-11D3-BF4B-00C04F79EFBC}") = "InfoPrint", "InfoPrint\InfoPrint.csproj", "{F3DEE31A-4726-464C-A90C-C19D78F51898}"
EndProject
Project("{FAE04EC0-301F-11D3-BF4B-00C04F79EFBC}") = "ExtractionTool", "ExtractionTool\ExtractionTool.csproj", "{1565A8FD-1399-4CA7-A806-11FCD11EC687}"
EndProject
Project("{FAE04EC0-301F-11D3-BF4B-00C04F79EFBC}") = "SabreTools.ObjectIdentifier.Test", "SabreTools.ObjectIdentifier.Test\SabreTools.ObjectIdentifier.Test.csproj", "{B3AE7D43-3765-4F95-A5F1-820832732C0E}"
EndProject
Project("{FAE04EC0-301F-11D3-BF4B-00C04F79EFBC}") = "SabreTools.Data.Extensions.Test", "SabreTools.Data.Extensions.Test\SabreTools.Data.Extensions.Test.csproj", "{06842E33-CAE6-4E00-B48B-525DE73DF10E}"
EndProject
Project("{FAE04EC0-301F-11D3-BF4B-00C04F79EFBC}") = "SabreTools.Wrappers.Test", "SabreTools.Wrappers.Test\SabreTools.Wrappers.Test.csproj", "{537126F8-3735-460A-A18E-845C42975697}"
EndProject
Project("{FAE04EC0-301F-11D3-BF4B-00C04F79EFBC}") = "SabreTools.Data.Extensions", "SabreTools.Data.Extensions\SabreTools.Data.Extensions.csproj", "{5591D030-E723-4CDA-BC4E-0C010448FAE2}"
EndProject
Project("{FAE04EC0-301F-11D3-BF4B-00C04F79EFBC}") = "SabreTools.Data.Models", "SabreTools.Data.Models\SabreTools.Data.Models.csproj", "{5972EA57-F29F-49D5-B632-DE48FB98755C}"
EndProject
Project("{FAE04EC0-301F-11D3-BF4B-00C04F79EFBC}") = "SabreTools.ObjectIdentifier", "SabreTools.ObjectIdentifier\SabreTools.ObjectIdentifier.csproj", "{78C0FFA5-49FD-4BD2-A918-38A0AF43EEDE}"
EndProject
Project("{FAE04EC0-301F-11D3-BF4B-00C04F79EFBC}") = "SabreTools.Serialization.CrossModel", "SabreTools.Serialization.CrossModel\SabreTools.Serialization.CrossModel.csproj", "{09C97056-6F94-48CA-A468-15D1C6107029}"
EndProject
Project("{FAE04EC0-301F-11D3-BF4B-00C04F79EFBC}") = "SabreTools.Serialization.Readers", "SabreTools.Serialization.Readers\SabreTools.Serialization.Readers.csproj", "{FAFFB5E1-A24B-4591-B6A2-8CB2387FB82A}"
EndProject
Project("{FAE04EC0-301F-11D3-BF4B-00C04F79EFBC}") = "SabreTools.Serialization.Writers", "SabreTools.Serialization.Writers\SabreTools.Serialization.Writers.csproj", "{3BD320A7-FEC0-4263-9FBF-2A3879762504}"
EndProject
Project("{FAE04EC0-301F-11D3-BF4B-00C04F79EFBC}") = "SabreTools.Wrappers", "SabreTools.Wrappers\SabreTools.Wrappers.csproj", "{08B3F9E1-F18D-4DDD-A8A9-C1CF8A6DBECC}"
EndProject
Project("{FAE04EC0-301F-11D3-BF4B-00C04F79EFBC}") = "SabreTools.Serialization.CrossModel.Test", "SabreTools.Serialization.CrossModel.Test\SabreTools.Serialization.CrossModel.Test.csproj", "{F1BD0007-7C08-4B84-93D9-933690BA5296}"
EndProject
Project("{FAE04EC0-301F-11D3-BF4B-00C04F79EFBC}") = "SabreTools.Serialization.Readers.Test", "SabreTools.Serialization.Readers.Test\SabreTools.Serialization.Readers.Test.csproj", "{A7DB39F9-9DF6-4452-9F1D-BEF3F1701F5C}"
EndProject
Project("{FAE04EC0-301F-11D3-BF4B-00C04F79EFBC}") = "SabreTools.Serialization.Writers.Test", "SabreTools.Serialization.Writers.Test\SabreTools.Serialization.Writers.Test.csproj", "{99619CA9-6D7D-4653-BD1E-8F586F219607}"
EndProject
Project("{FAE04EC0-301F-11D3-BF4B-00C04F79EFBC}") = "SabreTools.Metadata", "SabreTools.Metadata\SabreTools.Metadata.csproj", "{F4C9FAE7-6777-4C1A-BEE7-DA664CA3485B}"
EndProject
Project("{FAE04EC0-301F-11D3-BF4B-00C04F79EFBC}") = "SabreTools.Metadata.Filter", "SabreTools.Metadata.Filter\SabreTools.Metadata.Filter.csproj", "{76E096C6-72A9-4A5C-A250-95D2BBBFA5D1}"
EndProject
Project("{FAE04EC0-301F-11D3-BF4B-00C04F79EFBC}") = "SabreTools.Metadata.Test", "SabreTools.Metadata.Test\SabreTools.Metadata.Test.csproj", "{D817566C-C94F-4ADE-A36A-F67B3F644299}"
EndProject
Project("{FAE04EC0-301F-11D3-BF4B-00C04F79EFBC}") = "SabreTools.Metadata.Filter.Test", "SabreTools.Metadata.Filter.Test\SabreTools.Metadata.Filter.Test.csproj", "{43D66007-FCAA-4F69-893B-562B0B61B8B1}"
EndProject
Project("{FAE04EC0-301F-11D3-BF4B-00C04F79EFBC}") = "SabreTools.Metadata.DatItems", "SabreTools.Metadata.DatItems\SabreTools.Metadata.DatItems.csproj", "{14931F5A-203A-4C22-A162-D38288B6A576}"
EndProject
Project("{FAE04EC0-301F-11D3-BF4B-00C04F79EFBC}") = "SabreTools.Metadata.DatItems.Test", "SabreTools.Metadata.DatItems.Test\SabreTools.Metadata.DatItems.Test.csproj", "{E973A35B-148E-4E86-A4D1-C88575D1B09C}"
EndProject
Project("{FAE04EC0-301F-11D3-BF4B-00C04F79EFBC}") = "SabreTools.Metadata.DatFiles", "SabreTools.Metadata.DatFiles\SabreTools.Metadata.DatFiles.csproj", "{68B9FD8F-63A8-45C6-98B4-E1E040167587}"
EndProject
Project("{FAE04EC0-301F-11D3-BF4B-00C04F79EFBC}") = "SabreTools.Metadata.DatFiles.Test", "SabreTools.Metadata.DatFiles.Test\SabreTools.Metadata.DatFiles.Test.csproj", "{EFF85ED6-27D6-4076-A935-9792D2975078}"
EndProject
Global
	GlobalSection(SolutionConfigurationPlatforms) = preSolution
		Debug|Any CPU = Debug|Any CPU
		Debug|x64 = Debug|x64
		Debug|x86 = Debug|x86
		Release|Any CPU = Release|Any CPU
		Release|x64 = Release|x64
		Release|x86 = Release|x86
	EndGlobalSection
	GlobalSection(ProjectConfigurationPlatforms) = postSolution
		{5B688801-5F36-483E-B2E8-F219BA5923A2}.Debug|Any CPU.ActiveCfg = Debug|Any CPU
		{5B688801-5F36-483E-B2E8-F219BA5923A2}.Debug|Any CPU.Build.0 = Debug|Any CPU
		{5B688801-5F36-483E-B2E8-F219BA5923A2}.Debug|x64.ActiveCfg = Debug|Any CPU
		{5B688801-5F36-483E-B2E8-F219BA5923A2}.Debug|x64.Build.0 = Debug|Any CPU
		{5B688801-5F36-483E-B2E8-F219BA5923A2}.Debug|x86.ActiveCfg = Debug|Any CPU
		{5B688801-5F36-483E-B2E8-F219BA5923A2}.Debug|x86.Build.0 = Debug|Any CPU
		{5B688801-5F36-483E-B2E8-F219BA5923A2}.Release|Any CPU.ActiveCfg = Release|Any CPU
		{5B688801-5F36-483E-B2E8-F219BA5923A2}.Release|Any CPU.Build.0 = Release|Any CPU
		{5B688801-5F36-483E-B2E8-F219BA5923A2}.Release|x64.ActiveCfg = Release|Any CPU
		{5B688801-5F36-483E-B2E8-F219BA5923A2}.Release|x64.Build.0 = Release|Any CPU
		{5B688801-5F36-483E-B2E8-F219BA5923A2}.Release|x86.ActiveCfg = Release|Any CPU
		{5B688801-5F36-483E-B2E8-F219BA5923A2}.Release|x86.Build.0 = Release|Any CPU
		{F3DEE31A-4726-464C-A90C-C19D78F51898}.Debug|Any CPU.ActiveCfg = Debug|Any CPU
		{F3DEE31A-4726-464C-A90C-C19D78F51898}.Debug|Any CPU.Build.0 = Debug|Any CPU
		{F3DEE31A-4726-464C-A90C-C19D78F51898}.Debug|x64.ActiveCfg = Debug|Any CPU
		{F3DEE31A-4726-464C-A90C-C19D78F51898}.Debug|x64.Build.0 = Debug|Any CPU
		{F3DEE31A-4726-464C-A90C-C19D78F51898}.Debug|x86.ActiveCfg = Debug|Any CPU
		{F3DEE31A-4726-464C-A90C-C19D78F51898}.Debug|x86.Build.0 = Debug|Any CPU
		{F3DEE31A-4726-464C-A90C-C19D78F51898}.Release|Any CPU.ActiveCfg = Release|Any CPU
		{F3DEE31A-4726-464C-A90C-C19D78F51898}.Release|Any CPU.Build.0 = Release|Any CPU
		{F3DEE31A-4726-464C-A90C-C19D78F51898}.Release|x64.ActiveCfg = Release|Any CPU
		{F3DEE31A-4726-464C-A90C-C19D78F51898}.Release|x64.Build.0 = Release|Any CPU
		{F3DEE31A-4726-464C-A90C-C19D78F51898}.Release|x86.ActiveCfg = Release|Any CPU
		{F3DEE31A-4726-464C-A90C-C19D78F51898}.Release|x86.Build.0 = Release|Any CPU
		{1565A8FD-1399-4CA7-A806-11FCD11EC687}.Debug|Any CPU.ActiveCfg = Debug|Any CPU
		{1565A8FD-1399-4CA7-A806-11FCD11EC687}.Debug|Any CPU.Build.0 = Debug|Any CPU
		{1565A8FD-1399-4CA7-A806-11FCD11EC687}.Debug|x64.ActiveCfg = Debug|Any CPU
		{1565A8FD-1399-4CA7-A806-11FCD11EC687}.Debug|x64.Build.0 = Debug|Any CPU
		{1565A8FD-1399-4CA7-A806-11FCD11EC687}.Debug|x86.ActiveCfg = Debug|Any CPU
		{1565A8FD-1399-4CA7-A806-11FCD11EC687}.Debug|x86.Build.0 = Debug|Any CPU
		{1565A8FD-1399-4CA7-A806-11FCD11EC687}.Release|Any CPU.ActiveCfg = Release|Any CPU
		{1565A8FD-1399-4CA7-A806-11FCD11EC687}.Release|Any CPU.Build.0 = Release|Any CPU
		{1565A8FD-1399-4CA7-A806-11FCD11EC687}.Release|x64.ActiveCfg = Release|Any CPU
		{1565A8FD-1399-4CA7-A806-11FCD11EC687}.Release|x64.Build.0 = Release|Any CPU
		{1565A8FD-1399-4CA7-A806-11FCD11EC687}.Release|x86.ActiveCfg = Release|Any CPU
		{1565A8FD-1399-4CA7-A806-11FCD11EC687}.Release|x86.Build.0 = Release|Any CPU
		{B3AE7D43-3765-4F95-A5F1-820832732C0E}.Debug|Any CPU.ActiveCfg = Debug|Any CPU
		{B3AE7D43-3765-4F95-A5F1-820832732C0E}.Debug|Any CPU.Build.0 = Debug|Any CPU
		{B3AE7D43-3765-4F95-A5F1-820832732C0E}.Debug|x64.ActiveCfg = Debug|Any CPU
		{B3AE7D43-3765-4F95-A5F1-820832732C0E}.Debug|x64.Build.0 = Debug|Any CPU
		{B3AE7D43-3765-4F95-A5F1-820832732C0E}.Debug|x86.ActiveCfg = Debug|Any CPU
		{B3AE7D43-3765-4F95-A5F1-820832732C0E}.Debug|x86.Build.0 = Debug|Any CPU
		{B3AE7D43-3765-4F95-A5F1-820832732C0E}.Release|Any CPU.ActiveCfg = Release|Any CPU
		{B3AE7D43-3765-4F95-A5F1-820832732C0E}.Release|Any CPU.Build.0 = Release|Any CPU
		{B3AE7D43-3765-4F95-A5F1-820832732C0E}.Release|x64.ActiveCfg = Release|Any CPU
		{B3AE7D43-3765-4F95-A5F1-820832732C0E}.Release|x64.Build.0 = Release|Any CPU
		{B3AE7D43-3765-4F95-A5F1-820832732C0E}.Release|x86.ActiveCfg = Release|Any CPU
		{B3AE7D43-3765-4F95-A5F1-820832732C0E}.Release|x86.Build.0 = Release|Any CPU
		{06842E33-CAE6-4E00-B48B-525DE73DF10E}.Debug|Any CPU.ActiveCfg = Debug|Any CPU
		{06842E33-CAE6-4E00-B48B-525DE73DF10E}.Debug|Any CPU.Build.0 = Debug|Any CPU
		{06842E33-CAE6-4E00-B48B-525DE73DF10E}.Debug|x64.ActiveCfg = Debug|Any CPU
		{06842E33-CAE6-4E00-B48B-525DE73DF10E}.Debug|x64.Build.0 = Debug|Any CPU
		{06842E33-CAE6-4E00-B48B-525DE73DF10E}.Debug|x86.ActiveCfg = Debug|Any CPU
		{06842E33-CAE6-4E00-B48B-525DE73DF10E}.Debug|x86.Build.0 = Debug|Any CPU
		{06842E33-CAE6-4E00-B48B-525DE73DF10E}.Release|Any CPU.ActiveCfg = Release|Any CPU
		{06842E33-CAE6-4E00-B48B-525DE73DF10E}.Release|Any CPU.Build.0 = Release|Any CPU
		{06842E33-CAE6-4E00-B48B-525DE73DF10E}.Release|x64.ActiveCfg = Release|Any CPU
		{06842E33-CAE6-4E00-B48B-525DE73DF10E}.Release|x64.Build.0 = Release|Any CPU
		{06842E33-CAE6-4E00-B48B-525DE73DF10E}.Release|x86.ActiveCfg = Release|Any CPU
		{06842E33-CAE6-4E00-B48B-525DE73DF10E}.Release|x86.Build.0 = Release|Any CPU
		{537126F8-3735-460A-A18E-845C42975697}.Debug|Any CPU.ActiveCfg = Debug|Any CPU
		{537126F8-3735-460A-A18E-845C42975697}.Debug|Any CPU.Build.0 = Debug|Any CPU
		{537126F8-3735-460A-A18E-845C42975697}.Debug|x64.ActiveCfg = Debug|Any CPU
		{537126F8-3735-460A-A18E-845C42975697}.Debug|x64.Build.0 = Debug|Any CPU
		{537126F8-3735-460A-A18E-845C42975697}.Debug|x86.ActiveCfg = Debug|Any CPU
		{537126F8-3735-460A-A18E-845C42975697}.Debug|x86.Build.0 = Debug|Any CPU
		{537126F8-3735-460A-A18E-845C42975697}.Release|Any CPU.ActiveCfg = Release|Any CPU
		{537126F8-3735-460A-A18E-845C42975697}.Release|Any CPU.Build.0 = Release|Any CPU
		{537126F8-3735-460A-A18E-845C42975697}.Release|x64.ActiveCfg = Release|Any CPU
		{537126F8-3735-460A-A18E-845C42975697}.Release|x64.Build.0 = Release|Any CPU
		{537126F8-3735-460A-A18E-845C42975697}.Release|x86.ActiveCfg = Release|Any CPU
		{537126F8-3735-460A-A18E-845C42975697}.Release|x86.Build.0 = Release|Any CPU
		{5591D030-E723-4CDA-BC4E-0C010448FAE2}.Debug|Any CPU.ActiveCfg = Debug|Any CPU
		{5591D030-E723-4CDA-BC4E-0C010448FAE2}.Debug|Any CPU.Build.0 = Debug|Any CPU
		{5591D030-E723-4CDA-BC4E-0C010448FAE2}.Debug|x64.ActiveCfg = Debug|Any CPU
		{5591D030-E723-4CDA-BC4E-0C010448FAE2}.Debug|x64.Build.0 = Debug|Any CPU
		{5591D030-E723-4CDA-BC4E-0C010448FAE2}.Debug|x86.ActiveCfg = Debug|Any CPU
		{5591D030-E723-4CDA-BC4E-0C010448FAE2}.Debug|x86.Build.0 = Debug|Any CPU
		{5591D030-E723-4CDA-BC4E-0C010448FAE2}.Release|Any CPU.ActiveCfg = Release|Any CPU
		{5591D030-E723-4CDA-BC4E-0C010448FAE2}.Release|Any CPU.Build.0 = Release|Any CPU
		{5591D030-E723-4CDA-BC4E-0C010448FAE2}.Release|x64.ActiveCfg = Release|Any CPU
		{5591D030-E723-4CDA-BC4E-0C010448FAE2}.Release|x64.Build.0 = Release|Any CPU
		{5591D030-E723-4CDA-BC4E-0C010448FAE2}.Release|x86.ActiveCfg = Release|Any CPU
		{5591D030-E723-4CDA-BC4E-0C010448FAE2}.Release|x86.Build.0 = Release|Any CPU
		{5972EA57-F29F-49D5-B632-DE48FB98755C}.Debug|Any CPU.ActiveCfg = Debug|Any CPU
		{5972EA57-F29F-49D5-B632-DE48FB98755C}.Debug|Any CPU.Build.0 = Debug|Any CPU
		{5972EA57-F29F-49D5-B632-DE48FB98755C}.Debug|x64.ActiveCfg = Debug|Any CPU
		{5972EA57-F29F-49D5-B632-DE48FB98755C}.Debug|x64.Build.0 = Debug|Any CPU
		{5972EA57-F29F-49D5-B632-DE48FB98755C}.Debug|x86.ActiveCfg = Debug|Any CPU
		{5972EA57-F29F-49D5-B632-DE48FB98755C}.Debug|x86.Build.0 = Debug|Any CPU
		{5972EA57-F29F-49D5-B632-DE48FB98755C}.Release|Any CPU.ActiveCfg = Release|Any CPU
		{5972EA57-F29F-49D5-B632-DE48FB98755C}.Release|Any CPU.Build.0 = Release|Any CPU
		{5972EA57-F29F-49D5-B632-DE48FB98755C}.Release|x64.ActiveCfg = Release|Any CPU
		{5972EA57-F29F-49D5-B632-DE48FB98755C}.Release|x64.Build.0 = Release|Any CPU
		{5972EA57-F29F-49D5-B632-DE48FB98755C}.Release|x86.ActiveCfg = Release|Any CPU
		{5972EA57-F29F-49D5-B632-DE48FB98755C}.Release|x86.Build.0 = Release|Any CPU
		{78C0FFA5-49FD-4BD2-A918-38A0AF43EEDE}.Debug|Any CPU.ActiveCfg = Debug|Any CPU
		{78C0FFA5-49FD-4BD2-A918-38A0AF43EEDE}.Debug|Any CPU.Build.0 = Debug|Any CPU
		{78C0FFA5-49FD-4BD2-A918-38A0AF43EEDE}.Debug|x64.ActiveCfg = Debug|Any CPU
		{78C0FFA5-49FD-4BD2-A918-38A0AF43EEDE}.Debug|x64.Build.0 = Debug|Any CPU
		{78C0FFA5-49FD-4BD2-A918-38A0AF43EEDE}.Debug|x86.ActiveCfg = Debug|Any CPU
		{78C0FFA5-49FD-4BD2-A918-38A0AF43EEDE}.Debug|x86.Build.0 = Debug|Any CPU
		{78C0FFA5-49FD-4BD2-A918-38A0AF43EEDE}.Release|Any CPU.ActiveCfg = Release|Any CPU
		{78C0FFA5-49FD-4BD2-A918-38A0AF43EEDE}.Release|Any CPU.Build.0 = Release|Any CPU
		{78C0FFA5-49FD-4BD2-A918-38A0AF43EEDE}.Release|x64.ActiveCfg = Release|Any CPU
		{78C0FFA5-49FD-4BD2-A918-38A0AF43EEDE}.Release|x64.Build.0 = Release|Any CPU
		{78C0FFA5-49FD-4BD2-A918-38A0AF43EEDE}.Release|x86.ActiveCfg = Release|Any CPU
		{78C0FFA5-49FD-4BD2-A918-38A0AF43EEDE}.Release|x86.Build.0 = Release|Any CPU
		{09C97056-6F94-48CA-A468-15D1C6107029}.Debug|Any CPU.ActiveCfg = Debug|Any CPU
		{09C97056-6F94-48CA-A468-15D1C6107029}.Debug|Any CPU.Build.0 = Debug|Any CPU
		{09C97056-6F94-48CA-A468-15D1C6107029}.Debug|x64.ActiveCfg = Debug|Any CPU
		{09C97056-6F94-48CA-A468-15D1C6107029}.Debug|x64.Build.0 = Debug|Any CPU
		{09C97056-6F94-48CA-A468-15D1C6107029}.Debug|x86.ActiveCfg = Debug|Any CPU
		{09C97056-6F94-48CA-A468-15D1C6107029}.Debug|x86.Build.0 = Debug|Any CPU
		{09C97056-6F94-48CA-A468-15D1C6107029}.Release|Any CPU.ActiveCfg = Release|Any CPU
		{09C97056-6F94-48CA-A468-15D1C6107029}.Release|Any CPU.Build.0 = Release|Any CPU
		{09C97056-6F94-48CA-A468-15D1C6107029}.Release|x64.ActiveCfg = Release|Any CPU
		{09C97056-6F94-48CA-A468-15D1C6107029}.Release|x64.Build.0 = Release|Any CPU
		{09C97056-6F94-48CA-A468-15D1C6107029}.Release|x86.ActiveCfg = Release|Any CPU
		{09C97056-6F94-48CA-A468-15D1C6107029}.Release|x86.Build.0 = Release|Any CPU
		{FAFFB5E1-A24B-4591-B6A2-8CB2387FB82A}.Debug|Any CPU.ActiveCfg = Debug|Any CPU
		{FAFFB5E1-A24B-4591-B6A2-8CB2387FB82A}.Debug|Any CPU.Build.0 = Debug|Any CPU
		{FAFFB5E1-A24B-4591-B6A2-8CB2387FB82A}.Debug|x64.ActiveCfg = Debug|Any CPU
		{FAFFB5E1-A24B-4591-B6A2-8CB2387FB82A}.Debug|x64.Build.0 = Debug|Any CPU
		{FAFFB5E1-A24B-4591-B6A2-8CB2387FB82A}.Debug|x86.ActiveCfg = Debug|Any CPU
		{FAFFB5E1-A24B-4591-B6A2-8CB2387FB82A}.Debug|x86.Build.0 = Debug|Any CPU
		{FAFFB5E1-A24B-4591-B6A2-8CB2387FB82A}.Release|Any CPU.ActiveCfg = Release|Any CPU
		{FAFFB5E1-A24B-4591-B6A2-8CB2387FB82A}.Release|Any CPU.Build.0 = Release|Any CPU
		{FAFFB5E1-A24B-4591-B6A2-8CB2387FB82A}.Release|x64.ActiveCfg = Release|Any CPU
		{FAFFB5E1-A24B-4591-B6A2-8CB2387FB82A}.Release|x64.Build.0 = Release|Any CPU
		{FAFFB5E1-A24B-4591-B6A2-8CB2387FB82A}.Release|x86.ActiveCfg = Release|Any CPU
		{FAFFB5E1-A24B-4591-B6A2-8CB2387FB82A}.Release|x86.Build.0 = Release|Any CPU
		{3BD320A7-FEC0-4263-9FBF-2A3879762504}.Debug|Any CPU.ActiveCfg = Debug|Any CPU
		{3BD320A7-FEC0-4263-9FBF-2A3879762504}.Debug|Any CPU.Build.0 = Debug|Any CPU
		{3BD320A7-FEC0-4263-9FBF-2A3879762504}.Debug|x64.ActiveCfg = Debug|Any CPU
		{3BD320A7-FEC0-4263-9FBF-2A3879762504}.Debug|x64.Build.0 = Debug|Any CPU
		{3BD320A7-FEC0-4263-9FBF-2A3879762504}.Debug|x86.ActiveCfg = Debug|Any CPU
		{3BD320A7-FEC0-4263-9FBF-2A3879762504}.Debug|x86.Build.0 = Debug|Any CPU
		{3BD320A7-FEC0-4263-9FBF-2A3879762504}.Release|Any CPU.ActiveCfg = Release|Any CPU
		{3BD320A7-FEC0-4263-9FBF-2A3879762504}.Release|Any CPU.Build.0 = Release|Any CPU
		{3BD320A7-FEC0-4263-9FBF-2A3879762504}.Release|x64.ActiveCfg = Release|Any CPU
		{3BD320A7-FEC0-4263-9FBF-2A3879762504}.Release|x64.Build.0 = Release|Any CPU
		{3BD320A7-FEC0-4263-9FBF-2A3879762504}.Release|x86.ActiveCfg = Release|Any CPU
		{3BD320A7-FEC0-4263-9FBF-2A3879762504}.Release|x86.Build.0 = Release|Any CPU
		{08B3F9E1-F18D-4DDD-A8A9-C1CF8A6DBECC}.Debug|Any CPU.ActiveCfg = Debug|Any CPU
		{08B3F9E1-F18D-4DDD-A8A9-C1CF8A6DBECC}.Debug|Any CPU.Build.0 = Debug|Any CPU
		{08B3F9E1-F18D-4DDD-A8A9-C1CF8A6DBECC}.Debug|x64.ActiveCfg = Debug|Any CPU
		{08B3F9E1-F18D-4DDD-A8A9-C1CF8A6DBECC}.Debug|x64.Build.0 = Debug|Any CPU
		{08B3F9E1-F18D-4DDD-A8A9-C1CF8A6DBECC}.Debug|x86.ActiveCfg = Debug|Any CPU
		{08B3F9E1-F18D-4DDD-A8A9-C1CF8A6DBECC}.Debug|x86.Build.0 = Debug|Any CPU
		{08B3F9E1-F18D-4DDD-A8A9-C1CF8A6DBECC}.Release|Any CPU.ActiveCfg = Release|Any CPU
		{08B3F9E1-F18D-4DDD-A8A9-C1CF8A6DBECC}.Release|Any CPU.Build.0 = Release|Any CPU
		{08B3F9E1-F18D-4DDD-A8A9-C1CF8A6DBECC}.Release|x64.ActiveCfg = Release|Any CPU
		{08B3F9E1-F18D-4DDD-A8A9-C1CF8A6DBECC}.Release|x64.Build.0 = Release|Any CPU
		{08B3F9E1-F18D-4DDD-A8A9-C1CF8A6DBECC}.Release|x86.ActiveCfg = Release|Any CPU
		{08B3F9E1-F18D-4DDD-A8A9-C1CF8A6DBECC}.Release|x86.Build.0 = Release|Any CPU
		{F1BD0007-7C08-4B84-93D9-933690BA5296}.Debug|Any CPU.ActiveCfg = Debug|Any CPU
		{F1BD0007-7C08-4B84-93D9-933690BA5296}.Debug|Any CPU.Build.0 = Debug|Any CPU
		{F1BD0007-7C08-4B84-93D9-933690BA5296}.Debug|x64.ActiveCfg = Debug|Any CPU
		{F1BD0007-7C08-4B84-93D9-933690BA5296}.Debug|x64.Build.0 = Debug|Any CPU
		{F1BD0007-7C08-4B84-93D9-933690BA5296}.Debug|x86.ActiveCfg = Debug|Any CPU
		{F1BD0007-7C08-4B84-93D9-933690BA5296}.Debug|x86.Build.0 = Debug|Any CPU
		{F1BD0007-7C08-4B84-93D9-933690BA5296}.Release|Any CPU.ActiveCfg = Release|Any CPU
		{F1BD0007-7C08-4B84-93D9-933690BA5296}.Release|Any CPU.Build.0 = Release|Any CPU
		{F1BD0007-7C08-4B84-93D9-933690BA5296}.Release|x64.ActiveCfg = Release|Any CPU
		{F1BD0007-7C08-4B84-93D9-933690BA5296}.Release|x64.Build.0 = Release|Any CPU
		{F1BD0007-7C08-4B84-93D9-933690BA5296}.Release|x86.ActiveCfg = Release|Any CPU
		{F1BD0007-7C08-4B84-93D9-933690BA5296}.Release|x86.Build.0 = Release|Any CPU
		{A7DB39F9-9DF6-4452-9F1D-BEF3F1701F5C}.Debug|Any CPU.ActiveCfg = Debug|Any CPU
		{A7DB39F9-9DF6-4452-9F1D-BEF3F1701F5C}.Debug|Any CPU.Build.0 = Debug|Any CPU
		{A7DB39F9-9DF6-4452-9F1D-BEF3F1701F5C}.Debug|x64.ActiveCfg = Debug|Any CPU
		{A7DB39F9-9DF6-4452-9F1D-BEF3F1701F5C}.Debug|x64.Build.0 = Debug|Any CPU
		{A7DB39F9-9DF6-4452-9F1D-BEF3F1701F5C}.Debug|x86.ActiveCfg = Debug|Any CPU
		{A7DB39F9-9DF6-4452-9F1D-BEF3F1701F5C}.Debug|x86.Build.0 = Debug|Any CPU
		{A7DB39F9-9DF6-4452-9F1D-BEF3F1701F5C}.Release|Any CPU.ActiveCfg = Release|Any CPU
		{A7DB39F9-9DF6-4452-9F1D-BEF3F1701F5C}.Release|Any CPU.Build.0 = Release|Any CPU
		{A7DB39F9-9DF6-4452-9F1D-BEF3F1701F5C}.Release|x64.ActiveCfg = Release|Any CPU
		{A7DB39F9-9DF6-4452-9F1D-BEF3F1701F5C}.Release|x64.Build.0 = Release|Any CPU
		{A7DB39F9-9DF6-4452-9F1D-BEF3F1701F5C}.Release|x86.ActiveCfg = Release|Any CPU
		{A7DB39F9-9DF6-4452-9F1D-BEF3F1701F5C}.Release|x86.Build.0 = Release|Any CPU
		{99619CA9-6D7D-4653-BD1E-8F586F219607}.Debug|Any CPU.ActiveCfg = Debug|Any CPU
		{99619CA9-6D7D-4653-BD1E-8F586F219607}.Debug|Any CPU.Build.0 = Debug|Any CPU
		{99619CA9-6D7D-4653-BD1E-8F586F219607}.Debug|x64.ActiveCfg = Debug|Any CPU
		{99619CA9-6D7D-4653-BD1E-8F586F219607}.Debug|x64.Build.0 = Debug|Any CPU
		{99619CA9-6D7D-4653-BD1E-8F586F219607}.Debug|x86.ActiveCfg = Debug|Any CPU
		{99619CA9-6D7D-4653-BD1E-8F586F219607}.Debug|x86.Build.0 = Debug|Any CPU
		{99619CA9-6D7D-4653-BD1E-8F586F219607}.Release|Any CPU.ActiveCfg = Release|Any CPU
		{99619CA9-6D7D-4653-BD1E-8F586F219607}.Release|Any CPU.Build.0 = Release|Any CPU
		{99619CA9-6D7D-4653-BD1E-8F586F219607}.Release|x64.ActiveCfg = Release|Any CPU
		{99619CA9-6D7D-4653-BD1E-8F586F219607}.Release|x64.Build.0 = Release|Any CPU
		{99619CA9-6D7D-4653-BD1E-8F586F219607}.Release|x86.ActiveCfg = Release|Any CPU
		{99619CA9-6D7D-4653-BD1E-8F586F219607}.Release|x86.Build.0 = Release|Any CPU
		{F4C9FAE7-6777-4C1A-BEE7-DA664CA3485B}.Debug|Any CPU.ActiveCfg = Debug|Any CPU
		{F4C9FAE7-6777-4C1A-BEE7-DA664CA3485B}.Debug|Any CPU.Build.0 = Debug|Any CPU
		{F4C9FAE7-6777-4C1A-BEE7-DA664CA3485B}.Debug|x64.ActiveCfg = Debug|Any CPU
		{F4C9FAE7-6777-4C1A-BEE7-DA664CA3485B}.Debug|x64.Build.0 = Debug|Any CPU
		{F4C9FAE7-6777-4C1A-BEE7-DA664CA3485B}.Debug|x86.ActiveCfg = Debug|Any CPU
		{F4C9FAE7-6777-4C1A-BEE7-DA664CA3485B}.Debug|x86.Build.0 = Debug|Any CPU
		{F4C9FAE7-6777-4C1A-BEE7-DA664CA3485B}.Release|Any CPU.ActiveCfg = Release|Any CPU
		{F4C9FAE7-6777-4C1A-BEE7-DA664CA3485B}.Release|Any CPU.Build.0 = Release|Any CPU
		{F4C9FAE7-6777-4C1A-BEE7-DA664CA3485B}.Release|x64.ActiveCfg = Release|Any CPU
		{F4C9FAE7-6777-4C1A-BEE7-DA664CA3485B}.Release|x64.Build.0 = Release|Any CPU
		{F4C9FAE7-6777-4C1A-BEE7-DA664CA3485B}.Release|x86.ActiveCfg = Release|Any CPU
		{F4C9FAE7-6777-4C1A-BEE7-DA664CA3485B}.Release|x86.Build.0 = Release|Any CPU
		{76E096C6-72A9-4A5C-A250-95D2BBBFA5D1}.Debug|Any CPU.ActiveCfg = Debug|Any CPU
		{76E096C6-72A9-4A5C-A250-95D2BBBFA5D1}.Debug|Any CPU.Build.0 = Debug|Any CPU
		{76E096C6-72A9-4A5C-A250-95D2BBBFA5D1}.Debug|x64.ActiveCfg = Debug|Any CPU
		{76E096C6-72A9-4A5C-A250-95D2BBBFA5D1}.Debug|x64.Build.0 = Debug|Any CPU
		{76E096C6-72A9-4A5C-A250-95D2BBBFA5D1}.Debug|x86.ActiveCfg = Debug|Any CPU
		{76E096C6-72A9-4A5C-A250-95D2BBBFA5D1}.Debug|x86.Build.0 = Debug|Any CPU
		{76E096C6-72A9-4A5C-A250-95D2BBBFA5D1}.Release|Any CPU.ActiveCfg = Release|Any CPU
		{76E096C6-72A9-4A5C-A250-95D2BBBFA5D1}.Release|Any CPU.Build.0 = Release|Any CPU
		{76E096C6-72A9-4A5C-A250-95D2BBBFA5D1}.Release|x64.ActiveCfg = Release|Any CPU
		{76E096C6-72A9-4A5C-A250-95D2BBBFA5D1}.Release|x64.Build.0 = Release|Any CPU
		{76E096C6-72A9-4A5C-A250-95D2BBBFA5D1}.Release|x86.ActiveCfg = Release|Any CPU
		{76E096C6-72A9-4A5C-A250-95D2BBBFA5D1}.Release|x86.Build.0 = Release|Any CPU
		{D817566C-C94F-4ADE-A36A-F67B3F644299}.Debug|Any CPU.ActiveCfg = Debug|Any CPU
		{D817566C-C94F-4ADE-A36A-F67B3F644299}.Debug|Any CPU.Build.0 = Debug|Any CPU
		{D817566C-C94F-4ADE-A36A-F67B3F644299}.Debug|x64.ActiveCfg = Debug|Any CPU
		{D817566C-C94F-4ADE-A36A-F67B3F644299}.Debug|x64.Build.0 = Debug|Any CPU
		{D817566C-C94F-4ADE-A36A-F67B3F644299}.Debug|x86.ActiveCfg = Debug|Any CPU
		{D817566C-C94F-4ADE-A36A-F67B3F644299}.Debug|x86.Build.0 = Debug|Any CPU
		{D817566C-C94F-4ADE-A36A-F67B3F644299}.Release|Any CPU.ActiveCfg = Release|Any CPU
		{D817566C-C94F-4ADE-A36A-F67B3F644299}.Release|Any CPU.Build.0 = Release|Any CPU
		{D817566C-C94F-4ADE-A36A-F67B3F644299}.Release|x64.ActiveCfg = Release|Any CPU
		{D817566C-C94F-4ADE-A36A-F67B3F644299}.Release|x64.Build.0 = Release|Any CPU
		{D817566C-C94F-4ADE-A36A-F67B3F644299}.Release|x86.ActiveCfg = Release|Any CPU
		{D817566C-C94F-4ADE-A36A-F67B3F644299}.Release|x86.Build.0 = Release|Any CPU
		{43D66007-FCAA-4F69-893B-562B0B61B8B1}.Debug|Any CPU.ActiveCfg = Debug|Any CPU
		{43D66007-FCAA-4F69-893B-562B0B61B8B1}.Debug|Any CPU.Build.0 = Debug|Any CPU
		{43D66007-FCAA-4F69-893B-562B0B61B8B1}.Debug|x64.ActiveCfg = Debug|Any CPU
		{43D66007-FCAA-4F69-893B-562B0B61B8B1}.Debug|x64.Build.0 = Debug|Any CPU
		{43D66007-FCAA-4F69-893B-562B0B61B8B1}.Debug|x86.ActiveCfg = Debug|Any CPU
		{43D66007-FCAA-4F69-893B-562B0B61B8B1}.Debug|x86.Build.0 = Debug|Any CPU
		{43D66007-FCAA-4F69-893B-562B0B61B8B1}.Release|Any CPU.ActiveCfg = Release|Any CPU
		{43D66007-FCAA-4F69-893B-562B0B61B8B1}.Release|Any CPU.Build.0 = Release|Any CPU
		{43D66007-FCAA-4F69-893B-562B0B61B8B1}.Release|x64.ActiveCfg = Release|Any CPU
		{43D66007-FCAA-4F69-893B-562B0B61B8B1}.Release|x64.Build.0 = Release|Any CPU
		{43D66007-FCAA-4F69-893B-562B0B61B8B1}.Release|x86.ActiveCfg = Release|Any CPU
		{43D66007-FCAA-4F69-893B-562B0B61B8B1}.Release|x86.Build.0 = Release|Any CPU
		{14931F5A-203A-4C22-A162-D38288B6A576}.Debug|Any CPU.ActiveCfg = Debug|Any CPU
		{14931F5A-203A-4C22-A162-D38288B6A576}.Debug|Any CPU.Build.0 = Debug|Any CPU
		{14931F5A-203A-4C22-A162-D38288B6A576}.Debug|x64.ActiveCfg = Debug|Any CPU
		{14931F5A-203A-4C22-A162-D38288B6A576}.Debug|x64.Build.0 = Debug|Any CPU
		{14931F5A-203A-4C22-A162-D38288B6A576}.Debug|x86.ActiveCfg = Debug|Any CPU
		{14931F5A-203A-4C22-A162-D38288B6A576}.Debug|x86.Build.0 = Debug|Any CPU
		{14931F5A-203A-4C22-A162-D38288B6A576}.Release|Any CPU.ActiveCfg = Release|Any CPU
		{14931F5A-203A-4C22-A162-D38288B6A576}.Release|Any CPU.Build.0 = Release|Any CPU
		{14931F5A-203A-4C22-A162-D38288B6A576}.Release|x64.ActiveCfg = Release|Any CPU
		{14931F5A-203A-4C22-A162-D38288B6A576}.Release|x64.Build.0 = Release|Any CPU
		{14931F5A-203A-4C22-A162-D38288B6A576}.Release|x86.ActiveCfg = Release|Any CPU
		{14931F5A-203A-4C22-A162-D38288B6A576}.Release|x86.Build.0 = Release|Any CPU
		{E973A35B-148E-4E86-A4D1-C88575D1B09C}.Debug|Any CPU.ActiveCfg = Debug|Any CPU
		{E973A35B-148E-4E86-A4D1-C88575D1B09C}.Debug|Any CPU.Build.0 = Debug|Any CPU
		{E973A35B-148E-4E86-A4D1-C88575D1B09C}.Debug|x64.ActiveCfg = Debug|Any CPU
		{E973A35B-148E-4E86-A4D1-C88575D1B09C}.Debug|x64.Build.0 = Debug|Any CPU
		{E973A35B-148E-4E86-A4D1-C88575D1B09C}.Debug|x86.ActiveCfg = Debug|Any CPU
		{E973A35B-148E-4E86-A4D1-C88575D1B09C}.Debug|x86.Build.0 = Debug|Any CPU
		{E973A35B-148E-4E86-A4D1-C88575D1B09C}.Release|Any CPU.ActiveCfg = Release|Any CPU
		{E973A35B-148E-4E86-A4D1-C88575D1B09C}.Release|Any CPU.Build.0 = Release|Any CPU
		{E973A35B-148E-4E86-A4D1-C88575D1B09C}.Release|x64.ActiveCfg = Release|Any CPU
		{E973A35B-148E-4E86-A4D1-C88575D1B09C}.Release|x64.Build.0 = Release|Any CPU
		{E973A35B-148E-4E86-A4D1-C88575D1B09C}.Release|x86.ActiveCfg = Release|Any CPU
		{E973A35B-148E-4E86-A4D1-C88575D1B09C}.Release|x86.Build.0 = Release|Any CPU
		{68B9FD8F-63A8-45C6-98B4-E1E040167587}.Debug|Any CPU.ActiveCfg = Debug|Any CPU
		{68B9FD8F-63A8-45C6-98B4-E1E040167587}.Debug|Any CPU.Build.0 = Debug|Any CPU
		{68B9FD8F-63A8-45C6-98B4-E1E040167587}.Debug|x64.ActiveCfg = Debug|Any CPU
		{68B9FD8F-63A8-45C6-98B4-E1E040167587}.Debug|x64.Build.0 = Debug|Any CPU
		{68B9FD8F-63A8-45C6-98B4-E1E040167587}.Debug|x86.ActiveCfg = Debug|Any CPU
		{68B9FD8F-63A8-45C6-98B4-E1E040167587}.Debug|x86.Build.0 = Debug|Any CPU
		{68B9FD8F-63A8-45C6-98B4-E1E040167587}.Release|Any CPU.ActiveCfg = Release|Any CPU
		{68B9FD8F-63A8-45C6-98B4-E1E040167587}.Release|Any CPU.Build.0 = Release|Any CPU
		{68B9FD8F-63A8-45C6-98B4-E1E040167587}.Release|x64.ActiveCfg = Release|Any CPU
		{68B9FD8F-63A8-45C6-98B4-E1E040167587}.Release|x64.Build.0 = Release|Any CPU
		{68B9FD8F-63A8-45C6-98B4-E1E040167587}.Release|x86.ActiveCfg = Release|Any CPU
		{68B9FD8F-63A8-45C6-98B4-E1E040167587}.Release|x86.Build.0 = Release|Any CPU
		{EFF85ED6-27D6-4076-A935-9792D2975078}.Debug|Any CPU.ActiveCfg = Debug|Any CPU
		{EFF85ED6-27D6-4076-A935-9792D2975078}.Debug|Any CPU.Build.0 = Debug|Any CPU
		{EFF85ED6-27D6-4076-A935-9792D2975078}.Debug|x64.ActiveCfg = Debug|Any CPU
		{EFF85ED6-27D6-4076-A935-9792D2975078}.Debug|x64.Build.0 = Debug|Any CPU
		{EFF85ED6-27D6-4076-A935-9792D2975078}.Debug|x86.ActiveCfg = Debug|Any CPU
		{EFF85ED6-27D6-4076-A935-9792D2975078}.Debug|x86.Build.0 = Debug|Any CPU
		{EFF85ED6-27D6-4076-A935-9792D2975078}.Release|Any CPU.ActiveCfg = Release|Any CPU
		{EFF85ED6-27D6-4076-A935-9792D2975078}.Release|Any CPU.Build.0 = Release|Any CPU
		{EFF85ED6-27D6-4076-A935-9792D2975078}.Release|x64.ActiveCfg = Release|Any CPU
		{EFF85ED6-27D6-4076-A935-9792D2975078}.Release|x64.Build.0 = Release|Any CPU
		{EFF85ED6-27D6-4076-A935-9792D2975078}.Release|x86.ActiveCfg = Release|Any CPU
		{EFF85ED6-27D6-4076-A935-9792D2975078}.Release|x86.Build.0 = Release|Any CPU
	EndGlobalSection
	GlobalSection(SolutionProperties) = preSolution
		HideSolutionNode = FALSE
	EndGlobalSection
EndGlobal
